
Microsoft Visual Studio Solution File, Format Version 12.00
# Visual Studio 15
VisualStudioVersion = 15.0.28307.572
MinimumVisualStudioVersion = 10.0.40219.1
Project("{FAE04EC0-301F-11D3-BF4B-00C04F79EFBC}") = "StudioVoices", "StudioVoices\StudioVoices.csproj", "{74C54BF2-07E8-4C8E-9787-CC3D9FD0E096}"
EndProject
Global
	GlobalSection(SolutionConfigurationPlatforms) = preSolution
		Debug|Any CPU = Debug|Any CPU
		Release|Any CPU = Release|Any CPU
	EndGlobalSection
	GlobalSection(ProjectConfigurationPlatforms) = postSolution
		{74C54BF2-07E8-4C8E-9787-CC3D9FD0E096}.Debug|Any CPU.ActiveCfg = Debug|Any CPU
		{74C54BF2-07E8-4C8E-9787-CC3D9FD0E096}.Debug|Any CPU.Build.0 = Debug|Any CPU
		{74C54BF2-07E8-4C8E-9787-CC3D9FD0E096}.Release|Any CPU.ActiveCfg = Release|Any CPU
		{74C54BF2-07E8-4C8E-9787-CC3D9FD0E096}.Release|Any CPU.Build.0 = Release|Any CPU
	EndGlobalSection
	GlobalSection(SolutionProperties) = preSolution
		HideSolutionNode = FALSE
	EndGlobalSection
	GlobalSection(ExtensibilityGlobals) = postSolution
		SolutionGuid = {8E841F16-F703-46F3-8D9E-BBC1C5082D05}
	EndGlobalSection
EndGlobal
